
Microsoft Visual Studio Solution File, Format Version 12.00
# Visual Studio Version 16
VisualStudioVersion = 16.0.32002.261
MinimumVisualStudioVersion = 10.0.40219.1
Project("{FAE04EC0-301F-11D3-BF4B-00C04F79EFBC}") = "G2A132GameProgramForm", "G2A132GameProgramForm\G2A132GameProgramForm.csproj", "{50F409A7-0E3C-486B-B581-12710B546BC0}"
EndProject
Global
	GlobalSection(SolutionConfigurationPlatforms) = preSolution
		Debug|Any CPU = Debug|Any CPU
		Release|Any CPU = Release|Any CPU
	EndGlobalSection
	GlobalSection(ProjectConfigurationPlatforms) = postSolution
		{50F409A7-0E3C-486B-B581-12710B546BC0}.Debug|Any CPU.ActiveCfg = Debug|Any CPU
		{50F409A7-0E3C-486B-B581-12710B546BC0}.Debug|Any CPU.Build.0 = Debug|Any CPU
		{50F409A7-0E3C-486B-B581-12710B546BC0}.Release|Any CPU.ActiveCfg = Release|Any CPU
		{50F409A7-0E3C-486B-B581-12710B546BC0}.Release|Any CPU.Build.0 = Release|Any CPU
	EndGlobalSection
	GlobalSection(SolutionProperties) = preSolution
		HideSolutionNode = FALSE
	EndGlobalSection
	GlobalSection(ExtensibilityGlobals) = postSolution
		SolutionGuid = {DC291854-6103-41BA-AB70-83C00B0A24DE}
	EndGlobalSection
EndGlobal
